
Microsoft Visual Studio Solution File, Format Version 12.00
# Visual Studio 15
Project("{FAE04EC0-301F-11D3-BF4B-00C04F79EFBC}") = "Assembly-CSharp-Editor", "Assembly-CSharp-Editor.csproj", "{96C569EB-2CCE-D431-D413-9DE15CD58CBE}"
EndProject
Project("{FAE04EC0-301F-11D3-BF4B-00C04F79EFBC}") = "Assembly-CSharp", "Assembly-CSharp.csproj", "{58B81922-0241-2BA0-F7FB-F525F268212E}"
EndProject
Global
	GlobalSection(SolutionConfigurationPlatforms) = preSolution
		Debug|Any CPU = Debug|Any CPU
		Release|Any CPU = Release|Any CPU
	EndGlobalSection
	GlobalSection(ProjectConfigurationPlatforms) = postSolution
		{96C569EB-2CCE-D431-D413-9DE15CD58CBE}.Debug|Any CPU.ActiveCfg = Debug|Any CPU
		{96C569EB-2CCE-D431-D413-9DE15CD58CBE}.Debug|Any CPU.Build.0 = Debug|Any CPU
		{96C569EB-2CCE-D431-D413-9DE15CD58CBE}.Release|Any CPU.ActiveCfg = Release|Any CPU
		{96C569EB-2CCE-D431-D413-9DE15CD58CBE}.Release|Any CPU.Build.0 = Release|Any CPU
		{58B81922-0241-2BA0-F7FB-F525F268212E}.Debug|Any CPU.ActiveCfg = Debug|Any CPU
		{58B81922-0241-2BA0-F7FB-F525F268212E}.Debug|Any CPU.Build.0 = Debug|Any CPU
		{58B81922-0241-2BA0-F7FB-F525F268212E}.Release|Any CPU.ActiveCfg = Release|Any CPU
		{58B81922-0241-2BA0-F7FB-F525F268212E}.Release|Any CPU.Build.0 = Release|Any CPU
	EndGlobalSection
	GlobalSection(SolutionProperties) = preSolution
		HideSolutionNode = FALSE
	EndGlobalSection
EndGlobal
